
Microsoft Visual Studio Solution File, Format Version 10.00
# Visual C++ Express 2008
Project("{8BC9CEB8-8B4A-11D0-8D11-00A0C91BC942}") = "k_core", "k_core.vcproj", "{A0A21269-6E3A-4EC1-8B2D-BF7D0380FA79}"
EndProject
Project("{8BC9CEB8-8B4A-11D0-8D11-00A0C91BC942}") = "k_mysql", "k_mysql.vcproj", "{7C0F44CC-A977-4E7F-A29F-9442B49E90B5}"
	ProjectSection(ProjectDependencies) = postProject
		{A0A21269-6E3A-4EC1-8B2D-BF7D0380FA79} = {A0A21269-6E3A-4EC1-8B2D-BF7D0380FA79}
	EndProjectSection
EndProject
Global
	GlobalSection(SolutionConfigurationPlatforms) = preSolution
		Debug|Win32 = Debug|Win32
		Release|Win32 = Release|Win32
	EndGlobalSection
	GlobalSection(ProjectConfigurationPlatforms) = postSolution
		{A0A21269-6E3A-4EC1-8B2D-BF7D0380FA79}.Debug|Win32.ActiveCfg = Debug|Win32
		{A0A21269-6E3A-4EC1-8B2D-BF7D0380FA79}.Debug|Win32.Build.0 = Debug|Win32
		{A0A21269-6E3A-4EC1-8B2D-BF7D0380FA79}.Release|Win32.ActiveCfg = Release|Win32
		{A0A21269-6E3A-4EC1-8B2D-BF7D0380FA79}.Release|Win32.Build.0 = Release|Win32
		{7C0F44CC-A977-4E7F-A29F-9442B49E90B5}.Debug|Win32.ActiveCfg = Debug|Win32
		{7C0F44CC-A977-4E7F-A29F-9442B49E90B5}.Debug|Win32.Build.0 = Debug|Win32
		{7C0F44CC-A977-4E7F-A29F-9442B49E90B5}.Release|Win32.ActiveCfg = Release|Win32
		{7C0F44CC-A977-4E7F-A29F-9442B49E90B5}.Release|Win32.Build.0 = Release|Win32
	EndGlobalSection
	GlobalSection(SolutionProperties) = preSolution
		HideSolutionNode = FALSE
	EndGlobalSection
EndGlobal
