Microsoft Visual Studio Solution File, Format Version 10.00
# Visual C++ Express 2008
Project("{8BC9CEB8-8B4A-11D0-8D11-00A0C91BC942}") = "dom", "tst\dom.vcproj", "{FC8784C2-D410-48FC-AB4A-A5DF4140F3A9}"
EndProject
Project("{8BC9CEB8-8B4A-11D0-8D11-00A0C91BC942}") = "platform", "tst\platform.vcproj", "{1A23F45C-42E3-4E5F-82CC-9F859ADDD3F4}"
EndProject
Project("{8BC9CEB8-8B4A-11D0-8D11-00A0C91BC942}") = "string", "tst\string.vcproj", "{DCD99328-0BDE-4F5B-9E53-0CF88E70D9F5}"
EndProject
Project("{8BC9CEB8-8B4A-11D0-8D11-00A0C91BC942}") = "zip", "tst\zip.vcproj", "{CE81D7FC-6087-4593-B65B-5FD7EAB9F7BB}"
EndProject
Project("{8BC9CEB8-8B4A-11D0-8D11-00A0C91BC942}") = "lccm", "tst\lccm.vcproj", "{5BD897D6-28C5-44D9-8BEA-7BECFEA017D9}"
EndProject
Project("{8BC9CEB8-8B4A-11D0-8D11-00A0C91BC942}") = "thread", "tst\thread.vcproj", "{2DBCB1A5-D5A7-45C0-9DE6-F05253BD4F8A}"
EndProject
Project("{8BC9CEB8-8B4A-11D0-8D11-00A0C91BC942}") = "httpd", "tst\httpd.vcproj", "{6FA1A48C-F4AE-4C7A-A808-D02461E4D6B6}"
EndProject
Project("{8BC9CEB8-8B4A-11D0-8D11-00A0C91BC942}") = "server", "tst\server.vcproj", "{5C4A7D21-A4E6-4FBE-ADCD-945728586823}"
EndProject
Project("{8BC9CEB8-8B4A-11D0-8D11-00A0C91BC942}") = "client", "tst\client.vcproj", "{ACDBD68A-D4D0-481D-B881-8F60E53CF6C8}"
EndProject
Project("{8BC9CEB8-8B4A-11D0-8D11-00A0C91BC942}") = "k_mycomponent", "tst\k_mycomponent.vcproj", "{4F0C15F8-4498-4FA5-A39A-164F08F547C6}"
EndProject
Project("{8BC9CEB8-8B4A-11D0-8D11-00A0C91BC942}") = "k_simplecomponent", "tst\k_simplecomponent.vcproj", "{F13D132C-9069-4766-9EE4-00B9634AD592}"
EndProject
Project("{8BC9CEB8-8B4A-11D0-8D11-00A0C91BC942}") = "sql", "tst\sql.vcproj", "{16AB1FE7-2DB2-4705-8D0E-E9C169A24340}"
EndProject
Project("{8BC9CEB8-8B4A-11D0-8D11-00A0C91BC942}") = "textstore", "tst\textstore.vcproj", "{ACF31A99-B387-4A0A-8064-67FCD78200A9}"
EndProject
Project("{8BC9CEB8-8B4A-11D0-8D11-00A0C91BC942}") = "textquery", "tst\textquery.vcproj", "{C1BDE750-BCCD-41B6-AD6E-2AC11EE87511}"
EndProject
Project("{8BC9CEB8-8B4A-11D0-8D11-00A0C91BC942}") = "page", "tst\page.vcproj", "{53C15B75-1DCF-4921-B157-CC7F1DD4EDB1}"
EndProject
Project("{8BC9CEB8-8B4A-11D0-8D11-00A0C91BC942}") = "properties", "tst\properties.vcproj", "{27925202-44B7-460A-BC02-4684C2B201B1}"
EndProject
Project("{8BC9CEB8-8B4A-11D0-8D11-00A0C91BC942}") = "isodate", "tst\isodate.vcproj", "{762B1576-3DA2-4EC7-8CA1-6DF75A0D0024}"
EndProject
Project("{8BC9CEB8-8B4A-11D0-8D11-00A0C91BC942}") = "regex", "tst\regex.vcproj", "{729C209C-B2BD-4D87-A992-C88ED38AABBC}"
EndProject
Project("{8BC9CEB8-8B4A-11D0-8D11-00A0C91BC942}") = "ramusage", "tst\ramusage.vcproj", "{F2C09C67-487A-4A36-A037-39AD8247B11A}"
EndProject
Project("{8BC9CEB8-8B4A-11D0-8D11-00A0C91BC942}") = "timer", "tst\timer.vcproj", "{307CF5B5-6465-4C4F-B79F-6D95C78B2616}"
EndProject
Project("{8BC9CEB8-8B4A-11D0-8D11-00A0C91BC942}") = "xform", "tst\xform.vcproj", "{A605D2D8-1E48-4E47-AC93-0CE89B9B3505}"
EndProject
Project("{8BC9CEB8-8B4A-11D0-8D11-00A0C91BC942}") = "idhash", "tst\idhash.vcproj", "{45A74958-7DEE-4937-B432-5E99E3654F0B}"
EndProject
Global
	GlobalSection(SolutionConfigurationPlatforms) = preSolution
		Debug|Win32 = Debug|Win32
		Release|Win32 = Release|Win32
	EndGlobalSection
	GlobalSection(ProjectConfigurationPlatforms) = postSolution
		{FC8784C2-D410-48FC-AB4A-A5DF4140F3A9}.Debug|Win32.ActiveCfg = Debug|Win32
		{FC8784C2-D410-48FC-AB4A-A5DF4140F3A9}.Debug|Win32.Build.0 = Debug|Win32
		{FC8784C2-D410-48FC-AB4A-A5DF4140F3A9}.Release|Win32.ActiveCfg = Release|Win32
		{FC8784C2-D410-48FC-AB4A-A5DF4140F3A9}.Release|Win32.Build.0 = Release|Win32
		{1A23F45C-42E3-4E5F-82CC-9F859ADDD3F4}.Debug|Win32.ActiveCfg = Debug|Win32
		{1A23F45C-42E3-4E5F-82CC-9F859ADDD3F4}.Debug|Win32.Build.0 = Debug|Win32
		{1A23F45C-42E3-4E5F-82CC-9F859ADDD3F4}.Release|Win32.ActiveCfg = Release|Win32
		{1A23F45C-42E3-4E5F-82CC-9F859ADDD3F4}.Release|Win32.Build.0 = Release|Win32
		{DCD99328-0BDE-4F5B-9E53-0CF88E70D9F5}.Debug|Win32.ActiveCfg = Debug|Win32
		{DCD99328-0BDE-4F5B-9E53-0CF88E70D9F5}.Debug|Win32.Build.0 = Debug|Win32
		{DCD99328-0BDE-4F5B-9E53-0CF88E70D9F5}.Release|Win32.ActiveCfg = Release|Win32
		{DCD99328-0BDE-4F5B-9E53-0CF88E70D9F5}.Release|Win32.Build.0 = Release|Win32
		{CE81D7FC-6087-4593-B65B-5FD7EAB9F7BB}.Debug|Win32.ActiveCfg = Debug|Win32
		{CE81D7FC-6087-4593-B65B-5FD7EAB9F7BB}.Debug|Win32.Build.0 = Debug|Win32
		{CE81D7FC-6087-4593-B65B-5FD7EAB9F7BB}.Release|Win32.ActiveCfg = Release|Win32
		{CE81D7FC-6087-4593-B65B-5FD7EAB9F7BB}.Release|Win32.Build.0 = Release|Win32
		{5BD897D6-28C5-44D9-8BEA-7BECFEA017D9}.Debug|Win32.ActiveCfg = Debug|Win32
		{5BD897D6-28C5-44D9-8BEA-7BECFEA017D9}.Debug|Win32.Build.0 = Debug|Win32
		{5BD897D6-28C5-44D9-8BEA-7BECFEA017D9}.Release|Win32.ActiveCfg = Release|Win32
		{5BD897D6-28C5-44D9-8BEA-7BECFEA017D9}.Release|Win32.Build.0 = Release|Win32
		{2DBCB1A5-D5A7-45C0-9DE6-F05253BD4F8A}.Debug|Win32.ActiveCfg = Debug|Win32
		{2DBCB1A5-D5A7-45C0-9DE6-F05253BD4F8A}.Debug|Win32.Build.0 = Debug|Win32
		{2DBCB1A5-D5A7-45C0-9DE6-F05253BD4F8A}.Release|Win32.ActiveCfg = Release|Win32
		{2DBCB1A5-D5A7-45C0-9DE6-F05253BD4F8A}.Release|Win32.Build.0 = Release|Win32
		{6FA1A48C-F4AE-4C7A-A808-D02461E4D6B6}.Debug|Win32.ActiveCfg = Debug|Win32
		{6FA1A48C-F4AE-4C7A-A808-D02461E4D6B6}.Debug|Win32.Build.0 = Debug|Win32
		{6FA1A48C-F4AE-4C7A-A808-D02461E4D6B6}.Release|Win32.ActiveCfg = Release|Win32
		{6FA1A48C-F4AE-4C7A-A808-D02461E4D6B6}.Release|Win32.Build.0 = Release|Win32
		{5C4A7D21-A4E6-4FBE-ADCD-945728586823}.Debug|Win32.ActiveCfg = Debug|Win32
		{5C4A7D21-A4E6-4FBE-ADCD-945728586823}.Debug|Win32.Build.0 = Debug|Win32
		{5C4A7D21-A4E6-4FBE-ADCD-945728586823}.Release|Win32.ActiveCfg = Release|Win32
		{5C4A7D21-A4E6-4FBE-ADCD-945728586823}.Release|Win32.Build.0 = Release|Win32
		{ACDBD68A-D4D0-481D-B881-8F60E53CF6C8}.Debug|Win32.ActiveCfg = Debug|Win32
		{ACDBD68A-D4D0-481D-B881-8F60E53CF6C8}.Debug|Win32.Build.0 = Debug|Win32
		{ACDBD68A-D4D0-481D-B881-8F60E53CF6C8}.Release|Win32.ActiveCfg = Release|Win32
		{ACDBD68A-D4D0-481D-B881-8F60E53CF6C8}.Release|Win32.Build.0 = Release|Win32
		{4F0C15F8-4498-4FA5-A39A-164F08F547C6}.Debug|Win32.ActiveCfg = Debug|Win32
		{4F0C15F8-4498-4FA5-A39A-164F08F547C6}.Debug|Win32.Build.0 = Debug|Win32
		{4F0C15F8-4498-4FA5-A39A-164F08F547C6}.Release|Win32.ActiveCfg = Release|Win32
		{4F0C15F8-4498-4FA5-A39A-164F08F547C6}.Release|Win32.Build.0 = Release|Win32
		{F13D132C-9069-4766-9EE4-00B9634AD592}.Debug|Win32.ActiveCfg = Debug|Win32
		{F13D132C-9069-4766-9EE4-00B9634AD592}.Debug|Win32.Build.0 = Debug|Win32
		{F13D132C-9069-4766-9EE4-00B9634AD592}.Release|Win32.ActiveCfg = Release|Win32
		{F13D132C-9069-4766-9EE4-00B9634AD592}.Release|Win32.Build.0 = Release|Win32
		{16AB1FE7-2DB2-4705-8D0E-E9C169A24340}.Debug|Win32.ActiveCfg = Debug|Win32
		{16AB1FE7-2DB2-4705-8D0E-E9C169A24340}.Debug|Win32.Build.0 = Debug|Win32
		{16AB1FE7-2DB2-4705-8D0E-E9C169A24340}.Release|Win32.ActiveCfg = Release|Win32
		{16AB1FE7-2DB2-4705-8D0E-E9C169A24340}.Release|Win32.Build.0 = Release|Win32
		{ACF31A99-B387-4A0A-8064-67FCD78200A9}.Debug|Win32.ActiveCfg = Debug|Win32
		{ACF31A99-B387-4A0A-8064-67FCD78200A9}.Debug|Win32.Build.0 = Debug|Win32
		{ACF31A99-B387-4A0A-8064-67FCD78200A9}.Release|Win32.ActiveCfg = Release|Win32
		{ACF31A99-B387-4A0A-8064-67FCD78200A9}.Release|Win32.Build.0 = Release|Win32
		{C1BDE750-BCCD-41B6-AD6E-2AC11EE87511}.Debug|Win32.ActiveCfg = Debug|Win32
		{C1BDE750-BCCD-41B6-AD6E-2AC11EE87511}.Debug|Win32.Build.0 = Debug|Win32
		{C1BDE750-BCCD-41B6-AD6E-2AC11EE87511}.Release|Win32.ActiveCfg = Release|Win32
		{C1BDE750-BCCD-41B6-AD6E-2AC11EE87511}.Release|Win32.Build.0 = Release|Win32
		{53C15B75-1DCF-4921-B157-CC7F1DD4EDB1}.Debug|Win32.ActiveCfg = Debug|Win32
		{53C15B75-1DCF-4921-B157-CC7F1DD4EDB1}.Debug|Win32.Build.0 = Debug|Win32
		{53C15B75-1DCF-4921-B157-CC7F1DD4EDB1}.Release|Win32.ActiveCfg = Release|Win32
		{53C15B75-1DCF-4921-B157-CC7F1DD4EDB1}.Release|Win32.Build.0 = Release|Win32
		{27925202-44B7-460A-BC02-4684C2B201B1}.Debug|Win32.ActiveCfg = Debug|Win32
		{27925202-44B7-460A-BC02-4684C2B201B1}.Debug|Win32.Build.0 = Debug|Win32
		{27925202-44B7-460A-BC02-4684C2B201B1}.Release|Win32.ActiveCfg = Release|Win32
		{27925202-44B7-460A-BC02-4684C2B201B1}.Release|Win32.Build.0 = Release|Win32
		{762B1576-3DA2-4EC7-8CA1-6DF75A0D0024}.Debug|Win32.ActiveCfg = Debug|Win32
		{762B1576-3DA2-4EC7-8CA1-6DF75A0D0024}.Debug|Win32.Build.0 = Debug|Win32
		{762B1576-3DA2-4EC7-8CA1-6DF75A0D0024}.Release|Win32.ActiveCfg = Release|Win32
		{762B1576-3DA2-4EC7-8CA1-6DF75A0D0024}.Release|Win32.Build.0 = Release|Win32
		{729C209C-B2BD-4D87-A992-C88ED38AABBC}.Debug|Win32.ActiveCfg = Debug|Win32
		{729C209C-B2BD-4D87-A992-C88ED38AABBC}.Debug|Win32.Build.0 = Debug|Win32
		{729C209C-B2BD-4D87-A992-C88ED38AABBC}.Release|Win32.ActiveCfg = Release|Win32
		{729C209C-B2BD-4D87-A992-C88ED38AABBC}.Release|Win32.Build.0 = Release|Win32
		{F2C09C67-487A-4A36-A037-39AD8247B11A}.Debug|Win32.ActiveCfg = Debug|Win32
		{F2C09C67-487A-4A36-A037-39AD8247B11A}.Debug|Win32.Build.0 = Debug|Win32
		{F2C09C67-487A-4A36-A037-39AD8247B11A}.Release|Win32.ActiveCfg = Release|Win32
		{F2C09C67-487A-4A36-A037-39AD8247B11A}.Release|Win32.Build.0 = Release|Win32
		{307CF5B5-6465-4C4F-B79F-6D95C78B2616}.Debug|Win32.ActiveCfg = Debug|Win32
		{307CF5B5-6465-4C4F-B79F-6D95C78B2616}.Debug|Win32.Build.0 = Debug|Win32
		{307CF5B5-6465-4C4F-B79F-6D95C78B2616}.Release|Win32.ActiveCfg = Release|Win32
		{307CF5B5-6465-4C4F-B79F-6D95C78B2616}.Release|Win32.Build.0 = Release|Win32
		{A605D2D8-1E48-4E47-AC93-0CE89B9B3505}.Debug|Win32.ActiveCfg = Debug|Win32
		{A605D2D8-1E48-4E47-AC93-0CE89B9B3505}.Debug|Win32.Build.0 = Debug|Win32
		{A605D2D8-1E48-4E47-AC93-0CE89B9B3505}.Release|Win32.ActiveCfg = Release|Win32
		{A605D2D8-1E48-4E47-AC93-0CE89B9B3505}.Release|Win32.Build.0 = Release|Win32
		{45A74958-7DEE-4937-B432-5E99E3654F0B}.Debug|Win32.ActiveCfg = Debug|Win32
		{45A74958-7DEE-4937-B432-5E99E3654F0B}.Debug|Win32.Build.0 = Debug|Win32
		{45A74958-7DEE-4937-B432-5E99E3654F0B}.Release|Win32.ActiveCfg = Release|Win32
		{45A74958-7DEE-4937-B432-5E99E3654F0B}.Release|Win32.Build.0 = Release|Win32
	EndGlobalSection
	GlobalSection(SolutionProperties) = preSolution
		HideSolutionNode = FALSE
	EndGlobalSection
EndGlobal
